
Microsoft Visual Studio Solution File, Format Version 12.00
# Visual Studio Version 17
VisualStudioVersion = 17.7.34202.233
MinimumVisualStudioVersion = 10.0.40219.1
Project("{FAE04EC0-301F-11D3-BF4B-00C04F79EFBC}") = "Gestor_Deposito_v1", "Gestor_Deposito_v1\Gestor_Deposito_v1.csproj", "{164A25B4-E8CD-4A44-B6A1-BB7A19DB92D0}"
EndProject
Project("{FAE04EC0-301F-11D3-BF4B-00C04F79EFBC}") = "negocio", "negocio\negocio.csproj", "{7314EAA7-FDE9-46A3-9D2F-96956A69B27B}"
EndProject
Project("{FAE04EC0-301F-11D3-BF4B-00C04F79EFBC}") = "dominio", "dominio\dominio.csproj", "{94453232-3324-4852-8BD4-6CF3E3BB542A}"
EndProject
Global
	GlobalSection(SolutionConfigurationPlatforms) = preSolution
		Debug|Any CPU = Debug|Any CPU
		Release|Any CPU = Release|Any CPU
	EndGlobalSection
	GlobalSection(ProjectConfigurationPlatforms) = postSolution
		{164A25B4-E8CD-4A44-B6A1-BB7A19DB92D0}.Debug|Any CPU.ActiveCfg = Debug|Any CPU
		{164A25B4-E8CD-4A44-B6A1-BB7A19DB92D0}.Debug|Any CPU.Build.0 = Debug|Any CPU
		{164A25B4-E8CD-4A44-B6A1-BB7A19DB92D0}.Release|Any CPU.ActiveCfg = Release|Any CPU
		{164A25B4-E8CD-4A44-B6A1-BB7A19DB92D0}.Release|Any CPU.Build.0 = Release|Any CPU
		{7314EAA7-FDE9-46A3-9D2F-96956A69B27B}.Debug|Any CPU.ActiveCfg = Debug|Any CPU
		{7314EAA7-FDE9-46A3-9D2F-96956A69B27B}.Debug|Any CPU.Build.0 = Debug|Any CPU
		{7314EAA7-FDE9-46A3-9D2F-96956A69B27B}.Release|Any CPU.ActiveCfg = Release|Any CPU
		{7314EAA7-FDE9-46A3-9D2F-96956A69B27B}.Release|Any CPU.Build.0 = Release|Any CPU
		{94453232-3324-4852-8BD4-6CF3E3BB542A}.Debug|Any CPU.ActiveCfg = Debug|Any CPU
		{94453232-3324-4852-8BD4-6CF3E3BB542A}.Debug|Any CPU.Build.0 = Debug|Any CPU
		{94453232-3324-4852-8BD4-6CF3E3BB542A}.Release|Any CPU.ActiveCfg = Release|Any CPU
		{94453232-3324-4852-8BD4-6CF3E3BB542A}.Release|Any CPU.Build.0 = Release|Any CPU
	EndGlobalSection
	GlobalSection(SolutionProperties) = preSolution
		HideSolutionNode = FALSE
	EndGlobalSection
	GlobalSection(ExtensibilityGlobals) = postSolution
		SolutionGuid = {26C822F8-A4AB-465E-8D53-A22BE8A8C8B6}
	EndGlobalSection
EndGlobal
